
Microsoft Visual Studio Solution File, Format Version 12.00
# Visual Studio Version 16
VisualStudioVersion = 16.0.30503.244
MinimumVisualStudioVersion = 10.0.40219.1
Project("{FAE04EC0-301F-11D3-BF4B-00C04F79EFBC}") = "Mod3_Lab2", "Mod3_Lab2.csproj", "{8A15CE3A-5D96-4352-B88E-20919758A4BC}"
EndProject
Global
	GlobalSection(SolutionConfigurationPlatforms) = preSolution
		Debug|Any CPU = Debug|Any CPU
		Release|Any CPU = Release|Any CPU
	EndGlobalSection
	GlobalSection(ProjectConfigurationPlatforms) = postSolution
		{8A15CE3A-5D96-4352-B88E-20919758A4BC}.Debug|Any CPU.ActiveCfg = Debug|Any CPU
		{8A15CE3A-5D96-4352-B88E-20919758A4BC}.Debug|Any CPU.Build.0 = Debug|Any CPU
		{8A15CE3A-5D96-4352-B88E-20919758A4BC}.Release|Any CPU.ActiveCfg = Release|Any CPU
		{8A15CE3A-5D96-4352-B88E-20919758A4BC}.Release|Any CPU.Build.0 = Release|Any CPU
	EndGlobalSection
	GlobalSection(SolutionProperties) = preSolution
		HideSolutionNode = FALSE
	EndGlobalSection
	GlobalSection(ExtensibilityGlobals) = postSolution
		SolutionGuid = {B27C0B00-4734-49E5-BC59-A2A262D070E3}
	EndGlobalSection
EndGlobal
