
Microsoft Visual Studio Solution File, Format Version 12.00
# Visual Studio Version 16
VisualStudioVersion = 16.0.30413.136
MinimumVisualStudioVersion = 10.0.40219.1
Project("{FAE04EC0-301F-11D3-BF4B-00C04F79EFBC}") = "Mod1_Lab1", "Mod1_Lab1.csproj", "{5FD8985B-AF7A-4C7F-8618-B5D9CB9AC814}"
EndProject
Global
	GlobalSection(SolutionConfigurationPlatforms) = preSolution
		Debug|Any CPU = Debug|Any CPU
		Release|Any CPU = Release|Any CPU
	EndGlobalSection
	GlobalSection(ProjectConfigurationPlatforms) = postSolution
		{5FD8985B-AF7A-4C7F-8618-B5D9CB9AC814}.Debug|Any CPU.ActiveCfg = Debug|Any CPU
		{5FD8985B-AF7A-4C7F-8618-B5D9CB9AC814}.Debug|Any CPU.Build.0 = Debug|Any CPU
		{5FD8985B-AF7A-4C7F-8618-B5D9CB9AC814}.Release|Any CPU.ActiveCfg = Release|Any CPU
		{5FD8985B-AF7A-4C7F-8618-B5D9CB9AC814}.Release|Any CPU.Build.0 = Release|Any CPU
	EndGlobalSection
	GlobalSection(SolutionProperties) = preSolution
		HideSolutionNode = FALSE
	EndGlobalSection
	GlobalSection(ExtensibilityGlobals) = postSolution
		SolutionGuid = {72B38345-147F-4362-8704-662CEB43E720}
	EndGlobalSection
EndGlobal
